
Microsoft Visual Studio Solution File, Format Version 12.00
# Visual Studio Version 16
VisualStudioVersion = 16.0.30804.86
MinimumVisualStudioVersion = 10.0.40219.1
Project("{FAE04EC0-301F-11D3-BF4B-00C04F79EFBC}") = "IncPlan", "IncPlan.csproj", "{4334D265-40F7-4618-AC4E-C28951C75E09}"
EndProject
Global
	GlobalSection(SolutionConfigurationPlatforms) = preSolution
		Debug|Any CPU = Debug|Any CPU
		Release|Any CPU = Release|Any CPU
	EndGlobalSection
	GlobalSection(ProjectConfigurationPlatforms) = postSolution
		{4334D265-40F7-4618-AC4E-C28951C75E09}.Debug|Any CPU.ActiveCfg = Debug|Any CPU
		{4334D265-40F7-4618-AC4E-C28951C75E09}.Debug|Any CPU.Build.0 = Debug|Any CPU
		{4334D265-40F7-4618-AC4E-C28951C75E09}.Release|Any CPU.ActiveCfg = Release|Any CPU
		{4334D265-40F7-4618-AC4E-C28951C75E09}.Release|Any CPU.Build.0 = Release|Any CPU
	EndGlobalSection
	GlobalSection(SolutionProperties) = preSolution
		HideSolutionNode = FALSE
	EndGlobalSection
	GlobalSection(ExtensibilityGlobals) = postSolution
		SolutionGuid = {201B6CC1-38B2-4F34-97D2-F7656FB6B120}
	EndGlobalSection
EndGlobal
